
Microsoft Visual Studio Solution File, Format Version 12.00
# Visual Studio 15
VisualStudioVersion = 15.0.28010.2036
MinimumVisualStudioVersion = 10.0.40219.1
Project("{8BC9CEB8-8B4A-11D0-8D11-00A0C91BC942}") = "Lab1", "Lab1\Lab1.vcxproj", "{47ED27A8-CE7D-4881-AF3B-44E8F1536E58}"
EndProject
Global
	GlobalSection(SolutionConfigurationPlatforms) = preSolution
		Debug|x64 = Debug|x64
		Debug|x86 = Debug|x86
		Release|x64 = Release|x64
		Release|x86 = Release|x86
	EndGlobalSection
	GlobalSection(ProjectConfigurationPlatforms) = postSolution
		{47ED27A8-CE7D-4881-AF3B-44E8F1536E58}.Debug|x64.ActiveCfg = Debug|x64
		{47ED27A8-CE7D-4881-AF3B-44E8F1536E58}.Debug|x64.Build.0 = Debug|x64
		{47ED27A8-CE7D-4881-AF3B-44E8F1536E58}.Debug|x86.ActiveCfg = Debug|Win32
		{47ED27A8-CE7D-4881-AF3B-44E8F1536E58}.Debug|x86.Build.0 = Debug|Win32
		{47ED27A8-CE7D-4881-AF3B-44E8F1536E58}.Release|x64.ActiveCfg = Release|x64
		{47ED27A8-CE7D-4881-AF3B-44E8F1536E58}.Release|x64.Build.0 = Release|x64
		{47ED27A8-CE7D-4881-AF3B-44E8F1536E58}.Release|x86.ActiveCfg = Release|Win32
		{47ED27A8-CE7D-4881-AF3B-44E8F1536E58}.Release|x86.Build.0 = Release|Win32
	EndGlobalSection
	GlobalSection(SolutionProperties) = preSolution
		HideSolutionNode = FALSE
	EndGlobalSection
	GlobalSection(ExtensibilityGlobals) = postSolution
		SolutionGuid = {C3510147-C29A-4F2D-85DB-4422C509ECDB}
	EndGlobalSection
EndGlobal
