
Microsoft Visual Studio Solution File, Format Version 12.00
# Visual Studio 15
VisualStudioVersion = 15.0.28010.2036
MinimumVisualStudioVersion = 10.0.40219.1
Project("{8BC9CEB8-8B4A-11D0-8D11-00A0C91BC942}") = "Lab2-2", "Lab2-2\Lab2-2.vcxproj", "{B7AB6BE5-E1A8-4974-B986-A62995A30F5E}"
EndProject
Global
	GlobalSection(SolutionConfigurationPlatforms) = preSolution
		Debug|x64 = Debug|x64
		Debug|x86 = Debug|x86
		Release|x64 = Release|x64
		Release|x86 = Release|x86
	EndGlobalSection
	GlobalSection(ProjectConfigurationPlatforms) = postSolution
		{B7AB6BE5-E1A8-4974-B986-A62995A30F5E}.Debug|x64.ActiveCfg = Debug|x64
		{B7AB6BE5-E1A8-4974-B986-A62995A30F5E}.Debug|x64.Build.0 = Debug|x64
		{B7AB6BE5-E1A8-4974-B986-A62995A30F5E}.Debug|x86.ActiveCfg = Debug|Win32
		{B7AB6BE5-E1A8-4974-B986-A62995A30F5E}.Debug|x86.Build.0 = Debug|Win32
		{B7AB6BE5-E1A8-4974-B986-A62995A30F5E}.Release|x64.ActiveCfg = Release|x64
		{B7AB6BE5-E1A8-4974-B986-A62995A30F5E}.Release|x64.Build.0 = Release|x64
		{B7AB6BE5-E1A8-4974-B986-A62995A30F5E}.Release|x86.ActiveCfg = Release|Win32
		{B7AB6BE5-E1A8-4974-B986-A62995A30F5E}.Release|x86.Build.0 = Release|Win32
	EndGlobalSection
	GlobalSection(SolutionProperties) = preSolution
		HideSolutionNode = FALSE
	EndGlobalSection
	GlobalSection(ExtensibilityGlobals) = postSolution
		SolutionGuid = {50DD61F7-AE1F-4754-80FE-3DFE03ED695F}
	EndGlobalSection
EndGlobal
